
Microsoft Visual Studio Solution File, Format Version 12.00
# Visual Studio 15
VisualStudioVersion = 15.0.28307.421
MinimumVisualStudioVersion = 10.0.40219.1
Project("{9A19103F-16F7-4668-BE54-9A1E7A4F7556}") = "Api", "src\Api\Api.csproj", "{E1BFE820-FFC5-4989-84B4-CA2073FB57B2}"
EndProject
Project("{2150E333-8FDC-42A3-9474-1A3956D46DE8}") = "Solution Items", "Solution Items", "{3716E0C1-7BCF-4F53-9157-2C568D0CD7F6}"
	ProjectSection(SolutionItems) = preProject
		Readme.md = Readme.md
	EndProjectSection
EndProject
Global
	GlobalSection(SolutionConfigurationPlatforms) = preSolution
		Debug|Any CPU = Debug|Any CPU
		Release|Any CPU = Release|Any CPU
	EndGlobalSection
	GlobalSection(ProjectConfigurationPlatforms) = postSolution
		{E1BFE820-FFC5-4989-84B4-CA2073FB57B2}.Debug|Any CPU.ActiveCfg = Debug|Any CPU
		{E1BFE820-FFC5-4989-84B4-CA2073FB57B2}.Debug|Any CPU.Build.0 = Debug|Any CPU
		{E1BFE820-FFC5-4989-84B4-CA2073FB57B2}.Release|Any CPU.ActiveCfg = Release|Any CPU
		{E1BFE820-FFC5-4989-84B4-CA2073FB57B2}.Release|Any CPU.Build.0 = Release|Any CPU
	EndGlobalSection
	GlobalSection(SolutionProperties) = preSolution
		HideSolutionNode = FALSE
	EndGlobalSection
	GlobalSection(ExtensibilityGlobals) = postSolution
		SolutionGuid = {73258053-CFB0-49B7-A6B2-3F2314D73DF9}
	EndGlobalSection
EndGlobal
